
Microsoft Visual Studio Solution File, Format Version 12.00
# Visual Studio Version 17
VisualStudioVersion = 17.4.33403.182
MinimumVisualStudioVersion = 10.0.40219.1
Project("{FAE04EC0-301F-11D3-BF4B-00C04F79EFBC}") = "CsandovalS31.Android", "CsandovalS31.Android\CsandovalS31.Android.csproj", "{75DB24CD-2894-411F-95E2-25F6A90D3CB7}"
EndProject
Project("{FAE04EC0-301F-11D3-BF4B-00C04F79EFBC}") = "CsandovalS31.iOS", "CsandovalS31.iOS\CsandovalS31.iOS.csproj", "{6C93C918-928C-4107-9504-726081EDDD33}"
EndProject
Project("{FAE04EC0-301F-11D3-BF4B-00C04F79EFBC}") = "CsandovalS31", "CsandovalS31\CsandovalS31.csproj", "{06E32813-94A9-4731-897A-1E52181F3871}"
EndProject
Global
	GlobalSection(SolutionConfigurationPlatforms) = preSolution
		Debug|Any CPU = Debug|Any CPU
		Debug|iPhone = Debug|iPhone
		Debug|iPhoneSimulator = Debug|iPhoneSimulator
		Release|Any CPU = Release|Any CPU
		Release|iPhone = Release|iPhone
		Release|iPhoneSimulator = Release|iPhoneSimulator
	EndGlobalSection
	GlobalSection(ProjectConfigurationPlatforms) = postSolution
		{75DB24CD-2894-411F-95E2-25F6A90D3CB7}.Debug|Any CPU.ActiveCfg = Debug|Any CPU
		{75DB24CD-2894-411F-95E2-25F6A90D3CB7}.Debug|Any CPU.Build.0 = Debug|Any CPU
		{75DB24CD-2894-411F-95E2-25F6A90D3CB7}.Debug|Any CPU.Deploy.0 = Debug|Any CPU
		{75DB24CD-2894-411F-95E2-25F6A90D3CB7}.Debug|iPhone.ActiveCfg = Debug|Any CPU
		{75DB24CD-2894-411F-95E2-25F6A90D3CB7}.Debug|iPhone.Build.0 = Debug|Any CPU
		{75DB24CD-2894-411F-95E2-25F6A90D3CB7}.Debug|iPhone.Deploy.0 = Debug|Any CPU
		{75DB24CD-2894-411F-95E2-25F6A90D3CB7}.Debug|iPhoneSimulator.ActiveCfg = Debug|Any CPU
		{75DB24CD-2894-411F-95E2-25F6A90D3CB7}.Debug|iPhoneSimulator.Build.0 = Debug|Any CPU
		{75DB24CD-2894-411F-95E2-25F6A90D3CB7}.Debug|iPhoneSimulator.Deploy.0 = Debug|Any CPU
		{75DB24CD-2894-411F-95E2-25F6A90D3CB7}.Release|Any CPU.ActiveCfg = Release|Any CPU
		{75DB24CD-2894-411F-95E2-25F6A90D3CB7}.Release|Any CPU.Build.0 = Release|Any CPU
		{75DB24CD-2894-411F-95E2-25F6A90D3CB7}.Release|Any CPU.Deploy.0 = Release|Any CPU
		{75DB24CD-2894-411F-95E2-25F6A90D3CB7}.Release|iPhone.ActiveCfg = Release|Any CPU
		{75DB24CD-2894-411F-95E2-25F6A90D3CB7}.Release|iPhone.Build.0 = Release|Any CPU
		{75DB24CD-2894-411F-95E2-25F6A90D3CB7}.Release|iPhone.Deploy.0 = Release|Any CPU
		{75DB24CD-2894-411F-95E2-25F6A90D3CB7}.Release|iPhoneSimulator.ActiveCfg = Release|Any CPU
		{75DB24CD-2894-411F-95E2-25F6A90D3CB7}.Release|iPhoneSimulator.Build.0 = Release|Any CPU
		{75DB24CD-2894-411F-95E2-25F6A90D3CB7}.Release|iPhoneSimulator.Deploy.0 = Release|Any CPU
		{6C93C918-928C-4107-9504-726081EDDD33}.Debug|Any CPU.ActiveCfg = Debug|iPhone
		{6C93C918-928C-4107-9504-726081EDDD33}.Debug|Any CPU.Build.0 = Debug|iPhone
		{6C93C918-928C-4107-9504-726081EDDD33}.Debug|Any CPU.Deploy.0 = Debug|iPhone
		{6C93C918-928C-4107-9504-726081EDDD33}.Debug|iPhone.ActiveCfg = Debug|iPhone
		{6C93C918-928C-4107-9504-726081EDDD33}.Debug|iPhone.Build.0 = Debug|iPhone
		{6C93C918-928C-4107-9504-726081EDDD33}.Debug|iPhone.Deploy.0 = Debug|iPhone
		{6C93C918-928C-4107-9504-726081EDDD33}.Debug|iPhoneSimulator.ActiveCfg = Debug|iPhoneSimulator
		{6C93C918-928C-4107-9504-726081EDDD33}.Debug|iPhoneSimulator.Build.0 = Debug|iPhoneSimulator
		{6C93C918-928C-4107-9504-726081EDDD33}.Debug|iPhoneSimulator.Deploy.0 = Debug|iPhoneSimulator
		{6C93C918-928C-4107-9504-726081EDDD33}.Release|Any CPU.ActiveCfg = Release|iPhoneSimulator
		{6C93C918-928C-4107-9504-726081EDDD33}.Release|Any CPU.Build.0 = Release|iPhoneSimulator
		{6C93C918-928C-4107-9504-726081EDDD33}.Release|Any CPU.Deploy.0 = Release|iPhoneSimulator
		{6C93C918-928C-4107-9504-726081EDDD33}.Release|iPhone.ActiveCfg = Release|iPhone
		{6C93C918-928C-4107-9504-726081EDDD33}.Release|iPhone.Build.0 = Release|iPhone
		{6C93C918-928C-4107-9504-726081EDDD33}.Release|iPhone.Deploy.0 = Release|iPhone
		{6C93C918-928C-4107-9504-726081EDDD33}.Release|iPhoneSimulator.ActiveCfg = Release|iPhoneSimulator
		{6C93C918-928C-4107-9504-726081EDDD33}.Release|iPhoneSimulator.Build.0 = Release|iPhoneSimulator
		{6C93C918-928C-4107-9504-726081EDDD33}.Release|iPhoneSimulator.Deploy.0 = Release|iPhoneSimulator
		{06E32813-94A9-4731-897A-1E52181F3871}.Debug|Any CPU.ActiveCfg = Debug|Any CPU
		{06E32813-94A9-4731-897A-1E52181F3871}.Debug|Any CPU.Build.0 = Debug|Any CPU
		{06E32813-94A9-4731-897A-1E52181F3871}.Debug|Any CPU.Deploy.0 = Debug|Any CPU
		{06E32813-94A9-4731-897A-1E52181F3871}.Debug|iPhone.ActiveCfg = Debug|Any CPU
		{06E32813-94A9-4731-897A-1E52181F3871}.Debug|iPhone.Build.0 = Debug|Any CPU
		{06E32813-94A9-4731-897A-1E52181F3871}.Debug|iPhone.Deploy.0 = Debug|Any CPU
		{06E32813-94A9-4731-897A-1E52181F3871}.Debug|iPhoneSimulator.ActiveCfg = Debug|Any CPU
		{06E32813-94A9-4731-897A-1E52181F3871}.Debug|iPhoneSimulator.Build.0 = Debug|Any CPU
		{06E32813-94A9-4731-897A-1E52181F3871}.Debug|iPhoneSimulator.Deploy.0 = Debug|Any CPU
		{06E32813-94A9-4731-897A-1E52181F3871}.Release|Any CPU.ActiveCfg = Release|Any CPU
		{06E32813-94A9-4731-897A-1E52181F3871}.Release|Any CPU.Build.0 = Release|Any CPU
		{06E32813-94A9-4731-897A-1E52181F3871}.Release|Any CPU.Deploy.0 = Release|Any CPU
		{06E32813-94A9-4731-897A-1E52181F3871}.Release|iPhone.ActiveCfg = Release|Any CPU
		{06E32813-94A9-4731-897A-1E52181F3871}.Release|iPhone.Build.0 = Release|Any CPU
		{06E32813-94A9-4731-897A-1E52181F3871}.Release|iPhone.Deploy.0 = Release|Any CPU
		{06E32813-94A9-4731-897A-1E52181F3871}.Release|iPhoneSimulator.ActiveCfg = Release|Any CPU
		{06E32813-94A9-4731-897A-1E52181F3871}.Release|iPhoneSimulator.Build.0 = Release|Any CPU
		{06E32813-94A9-4731-897A-1E52181F3871}.Release|iPhoneSimulator.Deploy.0 = Release|Any CPU
	EndGlobalSection
	GlobalSection(SolutionProperties) = preSolution
		HideSolutionNode = FALSE
	EndGlobalSection
	GlobalSection(ExtensibilityGlobals) = postSolution
		SolutionGuid = {F09F0F6D-B9B3-469B-9B94-F8466BCE4361}
	EndGlobalSection
EndGlobal
